
Microsoft Visual Studio Solution File, Format Version 12.00
# Visual Studio Version 16
VisualStudioVersion = 16.0.31105.61
MinimumVisualStudioVersion = 10.0.40219.1
Project("{9A19103F-16F7-4668-BE54-9A1E7A4F7556}") = "MedaTichnonyWeb", "MedaTichnonyWeb.csproj", "{D4D8C57F-D8B2-4993-B9DB-EFCD69ADCEC9}"
EndProject
Project("{FAE04EC0-301F-11D3-BF4B-00C04F79EFBC}") = "MedaTichnonyWebDocumentom", "..\MedaTichnonyWebDocumentom\MedaTichnonyWebDocumentom.csproj", "{E76F8229-4ACF-4087-88A6-8EF747793629}"
EndProject
Project("{F14B399A-7131-4C87-9E4B-1186C45EF12D}") = "MedaTichnonyReports", "U:\uri_dev\MedaTichnony\dev\ver3\MedaTichnonyReports\MedaTichnonyReports.rptproj", "{C61A74DE-2740-4A4A-A736-745DB2013173}"
EndProject
Global
	GlobalSection(SolutionConfigurationPlatforms) = preSolution
		Debug|Any CPU = Debug|Any CPU
		DebugLocal|Any CPU = DebugLocal|Any CPU
		Release|Any CPU = Release|Any CPU
	EndGlobalSection
	GlobalSection(ProjectConfigurationPlatforms) = postSolution
		{D4D8C57F-D8B2-4993-B9DB-EFCD69ADCEC9}.Debug|Any CPU.ActiveCfg = Debug|Any CPU
		{D4D8C57F-D8B2-4993-B9DB-EFCD69ADCEC9}.Debug|Any CPU.Build.0 = Debug|Any CPU
		{D4D8C57F-D8B2-4993-B9DB-EFCD69ADCEC9}.DebugLocal|Any CPU.ActiveCfg = Debug|Any CPU
		{D4D8C57F-D8B2-4993-B9DB-EFCD69ADCEC9}.DebugLocal|Any CPU.Build.0 = Debug|Any CPU
		{D4D8C57F-D8B2-4993-B9DB-EFCD69ADCEC9}.Release|Any CPU.ActiveCfg = Release|Any CPU
		{D4D8C57F-D8B2-4993-B9DB-EFCD69ADCEC9}.Release|Any CPU.Build.0 = Release|Any CPU
		{E76F8229-4ACF-4087-88A6-8EF747793629}.Debug|Any CPU.ActiveCfg = Debug|Any CPU
		{E76F8229-4ACF-4087-88A6-8EF747793629}.Debug|Any CPU.Build.0 = Debug|Any CPU
		{E76F8229-4ACF-4087-88A6-8EF747793629}.DebugLocal|Any CPU.ActiveCfg = Debug|Any CPU
		{E76F8229-4ACF-4087-88A6-8EF747793629}.DebugLocal|Any CPU.Build.0 = Debug|Any CPU
		{E76F8229-4ACF-4087-88A6-8EF747793629}.Release|Any CPU.ActiveCfg = Release|Any CPU
		{E76F8229-4ACF-4087-88A6-8EF747793629}.Release|Any CPU.Build.0 = Release|Any CPU
		{C61A74DE-2740-4A4A-A736-745DB2013173}.Debug|Any CPU.ActiveCfg = Debug
		{C61A74DE-2740-4A4A-A736-745DB2013173}.Debug|Any CPU.Build.0 = Debug
		{C61A74DE-2740-4A4A-A736-745DB2013173}.Debug|Any CPU.Deploy.0 = Debug
		{C61A74DE-2740-4A4A-A736-745DB2013173}.DebugLocal|Any CPU.ActiveCfg = DebugLocal
		{C61A74DE-2740-4A4A-A736-745DB2013173}.DebugLocal|Any CPU.Build.0 = DebugLocal
		{C61A74DE-2740-4A4A-A736-745DB2013173}.DebugLocal|Any CPU.Deploy.0 = DebugLocal
		{C61A74DE-2740-4A4A-A736-745DB2013173}.Release|Any CPU.ActiveCfg = Release
		{C61A74DE-2740-4A4A-A736-745DB2013173}.Release|Any CPU.Build.0 = Release
		{C61A74DE-2740-4A4A-A736-745DB2013173}.Release|Any CPU.Deploy.0 = Release
	EndGlobalSection
	GlobalSection(SolutionProperties) = preSolution
		HideSolutionNode = FALSE
	EndGlobalSection
	GlobalSection(ExtensibilityGlobals) = postSolution
		SolutionGuid = {6F6D4699-67C6-4623-9EEC-247B46B65D5C}
	EndGlobalSection
EndGlobal
