
Microsoft Visual Studio Solution File, Format Version 12.00
# Visual Studio Version 16
VisualStudioVersion = 16.0.31410.357
MinimumVisualStudioVersion = 10.0.40219.1
Project("{FAE04EC0-301F-11D3-BF4B-00C04F79EFBC}") = "YaaranutApi", "YaaranutGisApi.csproj", "{8ADFDD89-3BF0-4DA1-A198-966431B31E32}"
EndProject
Global
	GlobalSection(SolutionConfigurationPlatforms) = preSolution
		Debug|Any CPU = Debug|Any CPU
		Release|Any CPU = Release|Any CPU
	EndGlobalSection
	GlobalSection(ProjectConfigurationPlatforms) = postSolution
		{8ADFDD89-3BF0-4DA1-A198-966431B31E32}.Debug|Any CPU.ActiveCfg = Debug|Any CPU
		{8ADFDD89-3BF0-4DA1-A198-966431B31E32}.Debug|Any CPU.Build.0 = Debug|Any CPU
		{8ADFDD89-3BF0-4DA1-A198-966431B31E32}.Release|Any CPU.ActiveCfg = Release|Any CPU
		{8ADFDD89-3BF0-4DA1-A198-966431B31E32}.Release|Any CPU.Build.0 = Release|Any CPU
	EndGlobalSection
	GlobalSection(SolutionProperties) = preSolution
		HideSolutionNode = FALSE
	EndGlobalSection
	GlobalSection(ExtensibilityGlobals) = postSolution
		SolutionGuid = {8ACC25A6-6552-4EE2-A3D9-362E1D29EC72}
	EndGlobalSection
EndGlobal
